
Microsoft Visual Studio Solution File, Format Version 12.00
# Visual Studio Version 16
VisualStudioVersion = 16.0.29905.134
MinimumVisualStudioVersion = 10.0.40219.1
Project("{9A19103F-16F7-4668-BE54-9A1E7A4F7556}") = "01-ByteBank", "01-ByteBank\01-ByteBank.csproj", "{FC6B050D-4062-47BB-A00F-CC989DB4932E}"
EndProject
Project("{9A19103F-16F7-4668-BE54-9A1E7A4F7556}") = "02-ByteBank", "02-ByteBank\02-ByteBank.csproj", "{C87800E6-49B6-473A-846C-10030650441A}"
EndProject
Project("{9A19103F-16F7-4668-BE54-9A1E7A4F7556}") = "03-ByteBank", "03-ByteBank\03-ByteBank.csproj", "{95752D73-AC78-4420-86DE-B3FC503CDD40}"
EndProject
Project("{9A19103F-16F7-4668-BE54-9A1E7A4F7556}") = "04-ByteBank", "04-ByteBank\04-ByteBank.csproj", "{CD259910-AA52-44AA-AE49-C09A503E45FF}"
EndProject
Project("{9A19103F-16F7-4668-BE54-9A1E7A4F7556}") = "05-ByteBank", "05-ByteBank\05-ByteBank.csproj", "{FCABC2C7-C4A3-462B-9648-E8FA7645C3E0}"
EndProject
Project("{9A19103F-16F7-4668-BE54-9A1E7A4F7556}") = "06-ByteBank", "06-ByteBank\06-ByteBank.csproj", "{1ABDB9D3-01B4-45D8-80BE-AD5A2F3C8D48}"
EndProject
Project("{FAE04EC0-301F-11D3-BF4B-00C04F79EFBC}") = "07-ByteBank", "07-ByteBank\07-ByteBank.csproj", "{4446E52B-A655-4F40-88B7-787561C1D4B3}"
EndProject
Global
	GlobalSection(SolutionConfigurationPlatforms) = preSolution
		Debug|Any CPU = Debug|Any CPU
		Release|Any CPU = Release|Any CPU
	EndGlobalSection
	GlobalSection(ProjectConfigurationPlatforms) = postSolution
		{FC6B050D-4062-47BB-A00F-CC989DB4932E}.Debug|Any CPU.ActiveCfg = Debug|Any CPU
		{FC6B050D-4062-47BB-A00F-CC989DB4932E}.Debug|Any CPU.Build.0 = Debug|Any CPU
		{FC6B050D-4062-47BB-A00F-CC989DB4932E}.Release|Any CPU.ActiveCfg = Release|Any CPU
		{FC6B050D-4062-47BB-A00F-CC989DB4932E}.Release|Any CPU.Build.0 = Release|Any CPU
		{C87800E6-49B6-473A-846C-10030650441A}.Debug|Any CPU.ActiveCfg = Debug|Any CPU
		{C87800E6-49B6-473A-846C-10030650441A}.Debug|Any CPU.Build.0 = Debug|Any CPU
		{C87800E6-49B6-473A-846C-10030650441A}.Release|Any CPU.ActiveCfg = Release|Any CPU
		{C87800E6-49B6-473A-846C-10030650441A}.Release|Any CPU.Build.0 = Release|Any CPU
		{95752D73-AC78-4420-86DE-B3FC503CDD40}.Debug|Any CPU.ActiveCfg = Debug|Any CPU
		{95752D73-AC78-4420-86DE-B3FC503CDD40}.Debug|Any CPU.Build.0 = Debug|Any CPU
		{95752D73-AC78-4420-86DE-B3FC503CDD40}.Release|Any CPU.ActiveCfg = Release|Any CPU
		{95752D73-AC78-4420-86DE-B3FC503CDD40}.Release|Any CPU.Build.0 = Release|Any CPU
		{CD259910-AA52-44AA-AE49-C09A503E45FF}.Debug|Any CPU.ActiveCfg = Debug|Any CPU
		{CD259910-AA52-44AA-AE49-C09A503E45FF}.Debug|Any CPU.Build.0 = Debug|Any CPU
		{CD259910-AA52-44AA-AE49-C09A503E45FF}.Release|Any CPU.ActiveCfg = Release|Any CPU
		{CD259910-AA52-44AA-AE49-C09A503E45FF}.Release|Any CPU.Build.0 = Release|Any CPU
		{FCABC2C7-C4A3-462B-9648-E8FA7645C3E0}.Debug|Any CPU.ActiveCfg = Debug|Any CPU
		{FCABC2C7-C4A3-462B-9648-E8FA7645C3E0}.Debug|Any CPU.Build.0 = Debug|Any CPU
		{FCABC2C7-C4A3-462B-9648-E8FA7645C3E0}.Release|Any CPU.ActiveCfg = Release|Any CPU
		{FCABC2C7-C4A3-462B-9648-E8FA7645C3E0}.Release|Any CPU.Build.0 = Release|Any CPU
		{1ABDB9D3-01B4-45D8-80BE-AD5A2F3C8D48}.Debug|Any CPU.ActiveCfg = Debug|Any CPU
		{1ABDB9D3-01B4-45D8-80BE-AD5A2F3C8D48}.Debug|Any CPU.Build.0 = Debug|Any CPU
		{1ABDB9D3-01B4-45D8-80BE-AD5A2F3C8D48}.Release|Any CPU.ActiveCfg = Release|Any CPU
		{1ABDB9D3-01B4-45D8-80BE-AD5A2F3C8D48}.Release|Any CPU.Build.0 = Release|Any CPU
		{4446E52B-A655-4F40-88B7-787561C1D4B3}.Debug|Any CPU.ActiveCfg = Debug|Any CPU
		{4446E52B-A655-4F40-88B7-787561C1D4B3}.Debug|Any CPU.Build.0 = Debug|Any CPU
		{4446E52B-A655-4F40-88B7-787561C1D4B3}.Release|Any CPU.ActiveCfg = Release|Any CPU
		{4446E52B-A655-4F40-88B7-787561C1D4B3}.Release|Any CPU.Build.0 = Release|Any CPU
	EndGlobalSection
	GlobalSection(SolutionProperties) = preSolution
		HideSolutionNode = FALSE
	EndGlobalSection
	GlobalSection(ExtensibilityGlobals) = postSolution
		SolutionGuid = {E12C3837-508F-489A-B2E1-F1DED560796C}
	EndGlobalSection
EndGlobal
