
Microsoft Visual Studio Solution File, Format Version 12.00
# Visual Studio Version 16
VisualStudioVersion = 16.0.29905.134
MinimumVisualStudioVersion = 10.0.40219.1
Project("{9A19103F-16F7-4668-BE54-9A1E7A4F7556}") = "1-PrimeiroProjeto", "1-PrimeiroProjeto\1-PrimeiroProjeto.csproj", "{0BE5B44A-B474-41AD-B8FE-D5428CBCC3D7}"
EndProject
Project("{9A19103F-16F7-4668-BE54-9A1E7A4F7556}") = "2-CriandoVariaveis", "2-CriandoVariaveis\2-CriandoVariaveis.csproj", "{F8578AF9-03A3-406C-881B-E2E32BB0199A}"
EndProject
Project("{9A19103F-16F7-4668-BE54-9A1E7A4F7556}") = "3-CriandoVariaviesPontoFlutuante", "3-CriandoVariaviesPontoFlutuante\3-CriandoVariaviesPontoFlutuante.csproj", "{6DBF097B-DC86-44B5-B9C9-16C2DCB972D8}"
EndProject
Project("{9A19103F-16F7-4668-BE54-9A1E7A4F7556}") = "4-ConversoesEOutrosTiposNumericos", "4-ConversoesEOutrosTiposNumericos\4-ConversoesEOutrosTiposNumericos.csproj", "{0DF71CFF-8C05-42BF-864E-DCB61C4C9DCE}"
EndProject
Project("{9A19103F-16F7-4668-BE54-9A1E7A4F7556}") = "5-CaracteresETextos", "5-CaracteresETextos\5-CaracteresETextos.csproj", "{81014E79-0AA7-4B05-8BDF-E4FBEEEAF634}"
EndProject
Project("{9A19103F-16F7-4668-BE54-9A1E7A4F7556}") = "6-AtribuicoesDeVariaveis", "6-AtribuicoesDeVariaveis\6-AtribuicoesDeVariaveis.csproj", "{A664E1BC-CDAD-477F-9F08-31D0BDAB927F}"
EndProject
Project("{FAE04EC0-301F-11D3-BF4B-00C04F79EFBC}") = "7-Condicionais", "7-Condicionais\7-Condicionais.csproj", "{897E676D-4A85-40C0-A4D6-BC6B2BBC53CE}"
EndProject
Project("{FAE04EC0-301F-11D3-BF4B-00C04F79EFBC}") = "8-Condicionais2", "8-Condicionais2\8-Condicionais2.csproj", "{1A50DDAB-6538-4951-93EA-B8A652F3836E}"
EndProject
Project("{FAE04EC0-301F-11D3-BF4B-00C04F79EFBC}") = "9-Escopo", "9-Escopo\9-Escopo.csproj", "{4DC746D8-E752-45FF-B8B1-DAB2DD8E1614}"
EndProject
Global
	GlobalSection(SolutionConfigurationPlatforms) = preSolution
		Debug|Any CPU = Debug|Any CPU
		Release|Any CPU = Release|Any CPU
	EndGlobalSection
	GlobalSection(ProjectConfigurationPlatforms) = postSolution
		{0BE5B44A-B474-41AD-B8FE-D5428CBCC3D7}.Debug|Any CPU.ActiveCfg = Debug|Any CPU
		{0BE5B44A-B474-41AD-B8FE-D5428CBCC3D7}.Debug|Any CPU.Build.0 = Debug|Any CPU
		{0BE5B44A-B474-41AD-B8FE-D5428CBCC3D7}.Release|Any CPU.ActiveCfg = Release|Any CPU
		{0BE5B44A-B474-41AD-B8FE-D5428CBCC3D7}.Release|Any CPU.Build.0 = Release|Any CPU
		{F8578AF9-03A3-406C-881B-E2E32BB0199A}.Debug|Any CPU.ActiveCfg = Debug|Any CPU
		{F8578AF9-03A3-406C-881B-E2E32BB0199A}.Debug|Any CPU.Build.0 = Debug|Any CPU
		{F8578AF9-03A3-406C-881B-E2E32BB0199A}.Release|Any CPU.ActiveCfg = Release|Any CPU
		{F8578AF9-03A3-406C-881B-E2E32BB0199A}.Release|Any CPU.Build.0 = Release|Any CPU
		{6DBF097B-DC86-44B5-B9C9-16C2DCB972D8}.Debug|Any CPU.ActiveCfg = Debug|Any CPU
		{6DBF097B-DC86-44B5-B9C9-16C2DCB972D8}.Debug|Any CPU.Build.0 = Debug|Any CPU
		{6DBF097B-DC86-44B5-B9C9-16C2DCB972D8}.Release|Any CPU.ActiveCfg = Release|Any CPU
		{6DBF097B-DC86-44B5-B9C9-16C2DCB972D8}.Release|Any CPU.Build.0 = Release|Any CPU
		{0DF71CFF-8C05-42BF-864E-DCB61C4C9DCE}.Debug|Any CPU.ActiveCfg = Debug|Any CPU
		{0DF71CFF-8C05-42BF-864E-DCB61C4C9DCE}.Debug|Any CPU.Build.0 = Debug|Any CPU
		{0DF71CFF-8C05-42BF-864E-DCB61C4C9DCE}.Release|Any CPU.ActiveCfg = Release|Any CPU
		{0DF71CFF-8C05-42BF-864E-DCB61C4C9DCE}.Release|Any CPU.Build.0 = Release|Any CPU
		{81014E79-0AA7-4B05-8BDF-E4FBEEEAF634}.Debug|Any CPU.ActiveCfg = Debug|Any CPU
		{81014E79-0AA7-4B05-8BDF-E4FBEEEAF634}.Debug|Any CPU.Build.0 = Debug|Any CPU
		{81014E79-0AA7-4B05-8BDF-E4FBEEEAF634}.Release|Any CPU.ActiveCfg = Release|Any CPU
		{81014E79-0AA7-4B05-8BDF-E4FBEEEAF634}.Release|Any CPU.Build.0 = Release|Any CPU
		{A664E1BC-CDAD-477F-9F08-31D0BDAB927F}.Debug|Any CPU.ActiveCfg = Debug|Any CPU
		{A664E1BC-CDAD-477F-9F08-31D0BDAB927F}.Debug|Any CPU.Build.0 = Debug|Any CPU
		{A664E1BC-CDAD-477F-9F08-31D0BDAB927F}.Release|Any CPU.ActiveCfg = Release|Any CPU
		{A664E1BC-CDAD-477F-9F08-31D0BDAB927F}.Release|Any CPU.Build.0 = Release|Any CPU
		{897E676D-4A85-40C0-A4D6-BC6B2BBC53CE}.Debug|Any CPU.ActiveCfg = Debug|Any CPU
		{897E676D-4A85-40C0-A4D6-BC6B2BBC53CE}.Debug|Any CPU.Build.0 = Debug|Any CPU
		{897E676D-4A85-40C0-A4D6-BC6B2BBC53CE}.Release|Any CPU.ActiveCfg = Release|Any CPU
		{897E676D-4A85-40C0-A4D6-BC6B2BBC53CE}.Release|Any CPU.Build.0 = Release|Any CPU
		{1A50DDAB-6538-4951-93EA-B8A652F3836E}.Debug|Any CPU.ActiveCfg = Debug|Any CPU
		{1A50DDAB-6538-4951-93EA-B8A652F3836E}.Debug|Any CPU.Build.0 = Debug|Any CPU
		{1A50DDAB-6538-4951-93EA-B8A652F3836E}.Release|Any CPU.ActiveCfg = Release|Any CPU
		{1A50DDAB-6538-4951-93EA-B8A652F3836E}.Release|Any CPU.Build.0 = Release|Any CPU
		{4DC746D8-E752-45FF-B8B1-DAB2DD8E1614}.Debug|Any CPU.ActiveCfg = Debug|Any CPU
		{4DC746D8-E752-45FF-B8B1-DAB2DD8E1614}.Debug|Any CPU.Build.0 = Debug|Any CPU
		{4DC746D8-E752-45FF-B8B1-DAB2DD8E1614}.Release|Any CPU.ActiveCfg = Release|Any CPU
		{4DC746D8-E752-45FF-B8B1-DAB2DD8E1614}.Release|Any CPU.Build.0 = Release|Any CPU
	EndGlobalSection
	GlobalSection(SolutionProperties) = preSolution
		HideSolutionNode = FALSE
	EndGlobalSection
	GlobalSection(ExtensibilityGlobals) = postSolution
		SolutionGuid = {F1F81AA8-96AE-4E96-AF13-91ECD1BFA669}
	EndGlobalSection
EndGlobal
