
Microsoft Visual Studio Solution File, Format Version 12.00
# Visual Studio Version 16
VisualStudioVersion = 16.0.29905.134
MinimumVisualStudioVersion = 10.0.40219.1
Project("{9A19103F-16F7-4668-BE54-9A1E7A4F7556}") = "1-PrimeiroProjeto", "1-PrimeiroProjeto\1-PrimeiroProjeto.csproj", "{0BE5B44A-B474-41AD-B8FE-D5428CBCC3D7}"
EndProject
Project("{FAE04EC0-301F-11D3-BF4B-00C04F79EFBC}") = "2-CriandoVariaveis", "2-CriandoVariaveis\2-CriandoVariaveis.csproj", "{F8578AF9-03A3-406C-881B-E2E32BB0199A}"
EndProject
Global
	GlobalSection(SolutionConfigurationPlatforms) = preSolution
		Debug|Any CPU = Debug|Any CPU
		Release|Any CPU = Release|Any CPU
	EndGlobalSection
	GlobalSection(ProjectConfigurationPlatforms) = postSolution
		{0BE5B44A-B474-41AD-B8FE-D5428CBCC3D7}.Debug|Any CPU.ActiveCfg = Debug|Any CPU
		{0BE5B44A-B474-41AD-B8FE-D5428CBCC3D7}.Debug|Any CPU.Build.0 = Debug|Any CPU
		{0BE5B44A-B474-41AD-B8FE-D5428CBCC3D7}.Release|Any CPU.ActiveCfg = Release|Any CPU
		{0BE5B44A-B474-41AD-B8FE-D5428CBCC3D7}.Release|Any CPU.Build.0 = Release|Any CPU
		{F8578AF9-03A3-406C-881B-E2E32BB0199A}.Debug|Any CPU.ActiveCfg = Debug|Any CPU
		{F8578AF9-03A3-406C-881B-E2E32BB0199A}.Debug|Any CPU.Build.0 = Debug|Any CPU
		{F8578AF9-03A3-406C-881B-E2E32BB0199A}.Release|Any CPU.ActiveCfg = Release|Any CPU
		{F8578AF9-03A3-406C-881B-E2E32BB0199A}.Release|Any CPU.Build.0 = Release|Any CPU
	EndGlobalSection
	GlobalSection(SolutionProperties) = preSolution
		HideSolutionNode = FALSE
	EndGlobalSection
	GlobalSection(ExtensibilityGlobals) = postSolution
		SolutionGuid = {F1F81AA8-96AE-4E96-AF13-91ECD1BFA669}
	EndGlobalSection
EndGlobal
